
Microsoft Visual Studio Solution File, Format Version 12.00
# Visual Studio Version 17
VisualStudioVersion = 17.0.32112.339
MinimumVisualStudioVersion = 10.0.40219.1
Project("{FAE04EC0-301F-11D3-BF4B-00C04F79EFBC}") = "OnlineTicariOtomasyon", "OnlineTicariOtomasyon\OnlineTicariOtomasyon.csproj", "{EB3BD7B4-2D75-4FF5-AB60-BCBE4C233123}"
EndProject
Global
	GlobalSection(SolutionConfigurationPlatforms) = preSolution
		Debug|Any CPU = Debug|Any CPU
		Release|Any CPU = Release|Any CPU
	EndGlobalSection
	GlobalSection(ProjectConfigurationPlatforms) = postSolution
		{EB3BD7B4-2D75-4FF5-AB60-BCBE4C233123}.Debug|Any CPU.ActiveCfg = Debug|Any CPU
		{EB3BD7B4-2D75-4FF5-AB60-BCBE4C233123}.Debug|Any CPU.Build.0 = Debug|Any CPU
		{EB3BD7B4-2D75-4FF5-AB60-BCBE4C233123}.Release|Any CPU.ActiveCfg = Release|Any CPU
		{EB3BD7B4-2D75-4FF5-AB60-BCBE4C233123}.Release|Any CPU.Build.0 = Release|Any CPU
	EndGlobalSection
	GlobalSection(SolutionProperties) = preSolution
		HideSolutionNode = FALSE
	EndGlobalSection
	GlobalSection(ExtensibilityGlobals) = postSolution
		SolutionGuid = {E6593891-483D-4DAC-8A9B-D4BA9D9BE030}
	EndGlobalSection
EndGlobal
